// !$*UTF8*$!
{
	archiveVersion = 1;
	classes = {
	};
	objectVersion = 50;
	objects = {

/* Begin PBXBuildFile section */
		10C60DC3781BD5CDFAB623F0 /* Pods_NimbleDemo.framework in Frameworks */ = {isa = PBXBuildFile; fileRef = E558CD12AB0DC3885B174D16 /* Pods_NimbleDemo.framework */; };
		182E353721EF105F00DA4FEE /* NimbleUI+UIView.swift in Sources */ = {isa = PBXBuildFile; fileRef = 182E353021EF105F00DA4FEE /* NimbleUI+UIView.swift */; };
		182E353821EF105F00DA4FEE /* NimbleUI+UIButton.swift in Sources */ = {isa = PBXBuildFile; fileRef = 182E353121EF105F00DA4FEE /* NimbleUI+UIButton.swift */; };
		182E353921EF105F00DA4FEE /* NimbleUI+UITableView.swift in Sources */ = {isa = PBXBuildFile; fileRef = 182E353221EF105F00DA4FEE /* NimbleUI+UITableView.swift */; };
		182E353A21EF105F00DA4FEE /* Nimble+UIImageView.swift in Sources */ = {isa = PBXBuildFile; fileRef = 182E353321EF105F00DA4FEE /* Nimble+UIImageView.swift */; };
		182E353B21EF105F00DA4FEE /* NimbleUI.swift in Sources */ = {isa = PBXBuildFile; fileRef = 182E353421EF105F00DA4FEE /* NimbleUI.swift */; };
		182E353C21EF105F00DA4FEE /* Nimble+NavigationItem.swift in Sources */ = {isa = PBXBuildFile; fileRef = 182E353521EF105F00DA4FEE /* Nimble+NavigationItem.swift */; };
		182E353D21EF105F00DA4FEE /* NimbleUI+UILabel.swift in Sources */ = {isa = PBXBuildFile; fileRef = 182E353621EF105F00DA4FEE /* NimbleUI+UILabel.swift */; };
		182E354721F0694200DA4FEE /* DetailViewController.swift in Sources */ = {isa = PBXBuildFile; fileRef = 182E354621F0694200DA4FEE /* DetailViewController.swift */; };
		182E354921F06CED00DA4FEE /* Nimble+UITextfield.swift in Sources */ = {isa = PBXBuildFile; fileRef = 182E354821F06CED00DA4FEE /* Nimble+UITextfield.swift */; };
		18F42AEA215A0F580060D97A /* AppDelegate.swift in Sources */ = {isa = PBXBuildFile; fileRef = 18F42AE9215A0F580060D97A /* AppDelegate.swift */; };
		18F42AEC215A0F580060D97A /* ViewController.swift in Sources */ = {isa = PBXBuildFile; fileRef = 18F42AEB215A0F580060D97A /* ViewController.swift */; };
		18F42AEF215A0F580060D97A /* Main.storyboard in Resources */ = {isa = PBXBuildFile; fileRef = 18F42AED215A0F580060D97A /* Main.storyboard */; };
		18F42AF4215A0F590060D97A /* Assets.xcassets in Resources */ = {isa = PBXBuildFile; fileRef = 18F42AF3215A0F590060D97A /* Assets.xcassets */; };
		18F42AF7215A0F590060D97A /* LaunchScreen.storyboard in Resources */ = {isa = PBXBuildFile; fileRef = 18F42AF5215A0F590060D97A /* LaunchScreen.storyboard */; };
/* End PBXBuildFile section */

/* Begin PBXFileReference section */
		1489663732C7A81662DE94B1 /* Pods-NimbleDemo.debug.xcconfig */ = {isa = PBXFileReference; includeInIndex = 1; lastKnownFileType = text.xcconfig; name = "Pods-NimbleDemo.debug.xcconfig"; path = "Pods/Target Support Files/Pods-NimbleDemo/Pods-NimbleDemo.debug.xcconfig"; sourceTree = "<group>"; };
		182E353021EF105F00DA4FEE /* NimbleUI+UIView.swift */ = {isa = PBXFileReference; fileEncoding = 4; lastKnownFileType = sourcecode.swift; path = "NimbleUI+UIView.swift"; sourceTree = "<group>"; };
		182E353121EF105F00DA4FEE /* NimbleUI+UIButton.swift */ = {isa = PBXFileReference; fileEncoding = 4; lastKnownFileType = sourcecode.swift; path = "NimbleUI+UIButton.swift"; sourceTree = "<group>"; };
		182E353221EF105F00DA4FEE /* NimbleUI+UITableView.swift */ = {isa = PBXFileReference; fileEncoding = 4; lastKnownFileType = sourcecode.swift; path = "NimbleUI+UITableView.swift"; sourceTree = "<group>"; };
		182E353321EF105F00DA4FEE /* Nimble+UIImageView.swift */ = {isa = PBXFileReference; fileEncoding = 4; lastKnownFileType = sourcecode.swift; path = "Nimble+UIImageView.swift"; sourceTree = "<group>"; };
		182E353421EF105F00DA4FEE /* NimbleUI.swift */ = {isa = PBXFileReference; fileEncoding = 4; lastKnownFileType = sourcecode.swift; path = NimbleUI.swift; sourceTree = "<group>"; };
		182E353521EF105F00DA4FEE /* Nimble+NavigationItem.swift */ = {isa = PBXFileReference; fileEncoding = 4; lastKnownFileType = sourcecode.swift; path = "Nimble+NavigationItem.swift"; sourceTree = "<group>"; };
		182E353621EF105F00DA4FEE /* NimbleUI+UILabel.swift */ = {isa = PBXFileReference; fileEncoding = 4; lastKnownFileType = sourcecode.swift; path = "NimbleUI+UILabel.swift"; sourceTree = "<group>"; };
		182E354621F0694200DA4FEE /* DetailViewController.swift */ = {isa = PBXFileReference; lastKnownFileType = sourcecode.swift; path = DetailViewController.swift; sourceTree = "<group>"; };
		182E354821F06CED00DA4FEE /* Nimble+UITextfield.swift */ = {isa = PBXFileReference; lastKnownFileType = sourcecode.swift; path = "Nimble+UITextfield.swift"; sourceTree = "<group>"; };
		18F42AE6215A0F580060D97A /* NimbleDemo.app */ = {isa = PBXFileReference; explicitFileType = wrapper.application; includeInIndex = 0; path = NimbleDemo.app; sourceTree = BUILT_PRODUCTS_DIR; };
		18F42AE9215A0F580060D97A /* AppDelegate.swift */ = {isa = PBXFileReference; lastKnownFileType = sourcecode.swift; path = AppDelegate.swift; sourceTree = "<group>"; };
		18F42AEB215A0F580060D97A /* ViewController.swift */ = {isa = PBXFileReference; lastKnownFileType = sourcecode.swift; path = ViewController.swift; sourceTree = "<group>"; };
		18F42AEE215A0F580060D97A /* Base */ = {isa = PBXFileReference; lastKnownFileType = file.storyboard; name = Base; path = Base.lproj/Main.storyboard; sourceTree = "<group>"; };
		18F42AF3215A0F590060D97A /* Assets.xcassets */ = {isa = PBXFileReference; lastKnownFileType = folder.assetcatalog; path = Assets.xcassets; sourceTree = "<group>"; };
		18F42AF6215A0F590060D97A /* Base */ = {isa = PBXFileReference; lastKnownFileType = file.storyboard; name = Base; path = Base.lproj/LaunchScreen.storyboard; sourceTree = "<group>"; };
		18F42AF8215A0F590060D97A /* Info.plist */ = {isa = PBXFileReference; lastKnownFileType = text.plist.xml; path = Info.plist; sourceTree = "<group>"; };
		7BA26967BB2D50765C091D37 /* Pods-NimbleDemo.release.xcconfig */ = {isa = PBXFileReference; includeInIndex = 1; lastKnownFileType = text.xcconfig; name = "Pods-NimbleDemo.release.xcconfig"; path = "Pods/Target Support Files/Pods-NimbleDemo/Pods-NimbleDemo.release.xcconfig"; sourceTree = "<group>"; };
		E558CD12AB0DC3885B174D16 /* Pods_NimbleDemo.framework */ = {isa = PBXFileReference; explicitFileType = wrapper.framework; includeInIndex = 0; path = Pods_NimbleDemo.framework; sourceTree = BUILT_PRODUCTS_DIR; };
/* End PBXFileReference section */

/* Begin PBXFrameworksBuildPhase section */
		18F42AE3215A0F580060D97A /* Frameworks */ = {
			isa = PBXFrameworksBuildPhase;
			buildActionMask = 2147483647;
			files = (
				10C60DC3781BD5CDFAB623F0 /* Pods_NimbleDemo.framework in Frameworks */,
			);
			runOnlyForDeploymentPostprocessing = 0;
		};
/* End PBXFrameworksBuildPhase section */

/* Begin PBXGroup section */
		13EBA80127F3EFB2B108BB70 /* Frameworks */ = {
			isa = PBXGroup;
			children = (
				E558CD12AB0DC3885B174D16 /* Pods_NimbleDemo.framework */,
			);
			name = Frameworks;
			sourceTree = "<group>";
		};
		182E352F21EF105F00DA4FEE /* NimbleKit */ = {
			isa = PBXGroup;
			children = (
				182E353021EF105F00DA4FEE /* NimbleUI+UIView.swift */,
				182E353121EF105F00DA4FEE /* NimbleUI+UIButton.swift */,
				182E353621EF105F00DA4FEE /* NimbleUI+UILabel.swift */,
				182E354821F06CED00DA4FEE /* Nimble+UITextfield.swift */,
				182E353221EF105F00DA4FEE /* NimbleUI+UITableView.swift */,
				182E353321EF105F00DA4FEE /* Nimble+UIImageView.swift */,
				182E353521EF105F00DA4FEE /* Nimble+NavigationItem.swift */,
				182E353421EF105F00DA4FEE /* NimbleUI.swift */,
			);
			path = NimbleKit;
			sourceTree = SOURCE_ROOT;
		};
		18F42ADD215A0F580060D97A = {
			isa = PBXGroup;
			children = (
				18F42AE8215A0F580060D97A /* NimbleDemo */,
				18F42AE7215A0F580060D97A /* Products */,
				4186DCB021156CE0D3363E7E /* Pods */,
				13EBA80127F3EFB2B108BB70 /* Frameworks */,
			);
			sourceTree = "<group>";
		};
		18F42AE7215A0F580060D97A /* Products */ = {
			isa = PBXGroup;
			children = (
				18F42AE6215A0F580060D97A /* NimbleDemo.app */,
			);
			name = Products;
			sourceTree = "<group>";
		};
		18F42AE8215A0F580060D97A /* NimbleDemo */ = {
			isa = PBXGroup;
			children = (
				182E352F21EF105F00DA4FEE /* NimbleKit */,
				18F42AE9215A0F580060D97A /* AppDelegate.swift */,
				18F42AEB215A0F580060D97A /* ViewController.swift */,
				182E354621F0694200DA4FEE /* DetailViewController.swift */,
				18F42AED215A0F580060D97A /* Main.storyboard */,
				18F42AF3215A0F590060D97A /* Assets.xcassets */,
				18F42AF5215A0F590060D97A /* LaunchScreen.storyboard */,
				18F42AF8215A0F590060D97A /* Info.plist */,
			);
			path = NimbleDemo;
			sourceTree = "<group>";
		};
		4186DCB021156CE0D3363E7E /* Pods */ = {
			isa = PBXGroup;
			children = (
				1489663732C7A81662DE94B1 /* Pods-NimbleDemo.debug.xcconfig */,
				7BA26967BB2D50765C091D37 /* Pods-NimbleDemo.release.xcconfig */,
			);
			name = Pods;
			sourceTree = "<group>";
		};
/* End PBXGroup section */

/* Begin PBXNativeTarget section */
		18F42AE5215A0F580060D97A /* NimbleDemo */ = {
			isa = PBXNativeTarget;
			buildConfigurationList = 18F42AFB215A0F590060D97A /* Build configuration list for PBXNativeTarget "NimbleDemo" */;
			buildPhases = (
				2F556BFDE844953FE0DAD5A1 /* [CP] Check Pods Manifest.lock */,
				18F42AE2215A0F580060D97A /* Sources */,
				18F42AE3215A0F580060D97A /* Frameworks */,
				18F42AE4215A0F580060D97A /* Resources */,
			);
			buildRules = (
			);
			dependencies = (
			);
			name = NimbleDemo;
			productName = NimbleDemo;
			productReference = 18F42AE6215A0F580060D97A /* NimbleDemo.app */;
			productType = "com.apple.product-type.application";
		};
/* End PBXNativeTarget section */

/* Begin PBXProject section */
		18F42ADE215A0F580060D97A /* Project object */ = {
			isa = PBXProject;
			attributes = {
				LastSwiftUpdateCheck = 1000;
				LastUpgradeCheck = 1000;
				ORGANIZATIONNAME = MIX;
				TargetAttributes = {
					18F42AE5215A0F580060D97A = {
						CreatedOnToolsVersion = 10.0;
					};
				};
			};
			buildConfigurationList = 18F42AE1215A0F580060D97A /* Build configuration list for PBXProject "NimbleDemo" */;
			compatibilityVersion = "Xcode 9.3";
			developmentRegion = en;
			hasScannedForEncodings = 0;
			knownRegions = (
				en,
				Base,
			);
			mainGroup = 18F42ADD215A0F580060D97A;
			productRefGroup = 18F42AE7215A0F580060D97A /* Products */;
			projectDirPath = "";
			projectRoot = "";
			targets = (
				18F42AE5215A0F580060D97A /* NimbleDemo */,
			);
		};
/* End PBXProject section */

/* Begin PBXResourcesBuildPhase section */
		18F42AE4215A0F580060D97A /* Resources */ = {
			isa = PBXResourcesBuildPhase;
			buildActionMask = 2147483647;
			files = (
				18F42AF7215A0F590060D97A /* LaunchScreen.storyboard in Resources */,
				18F42AF4215A0F590060D97A /* Assets.xcassets in Resources */,
				18F42AEF215A0F580060D97A /* Main.storyboard in Resources */,
			);
			runOnlyForDeploymentPostprocessing = 0;
		};
/* End PBXResourcesBuildPhase section */

/* Begin PBXShellScriptBuildPhase section */
		2F556BFDE844953FE0DAD5A1 /* [CP] Check Pods Manifest.lock */ = {
			isa = PBXShellScriptBuildPhase;
			buildActionMask = 2147483647;
			files = (
			);
			inputPaths = (
				"${PODS_PODFILE_DIR_PATH}/Podfile.lock",
				"${PODS_ROOT}/Manifest.lock",
			);
			name = "[CP] Check Pods Manifest.lock";
			outputPaths = (
				"$(DERIVED_FILE_DIR)/Pods-NimbleDemo-checkManifestLockResult.txt",
			);
			runOnlyForDeploymentPostprocessing = 0;
			shellPath = /bin/sh;
			shellScript = "diff \"${PODS_PODFILE_DIR_PATH}/Podfile.lock\" \"${PODS_ROOT}/Manifest.lock\" > /dev/null\nif [ $? != 0 ] ; then\n    # print error to STDERR\n    echo \"error: The sandbox is not in sync with the Podfile.lock. Run 'pod install' or update your CocoaPods installation.\" >&2\n    exit 1\nfi\n# This output is used by Xcode 'outputs' to avoid re-running this script phase.\necho \"SUCCESS\" > \"${SCRIPT_OUTPUT_FILE_0}\"\n";
			showEnvVarsInLog = 0;
		};
/* End PBXShellScriptBuildPhase section */

/* Begin PBXSourcesBuildPhase section */
		18F42AE2215A0F580060D97A /* Sources */ = {
			isa = PBXSourcesBuildPhase;
			buildActionMask = 2147483647;
			files = (
				182E353821EF105F00DA4FEE /* NimbleUI+UIButton.swift in Sources */,
				182E353A21EF105F00DA4FEE /* Nimble+UIImageView.swift in Sources */,
				182E353921EF105F00DA4FEE /* NimbleUI+UITableView.swift in Sources */,
				182E353B21EF105F00DA4FEE /* NimbleUI.swift in Sources */,
				18F42AEC215A0F580060D97A /* ViewController.swift in Sources */,
				182E354921F06CED00DA4FEE /* Nimble+UITextfield.swift in Sources */,
				18F42AEA215A0F580060D97A /* AppDelegate.swift in Sources */,
				182E353721EF105F00DA4FEE /* NimbleUI+UIView.swift in Sources */,
				182E354721F0694200DA4FEE /* DetailViewController.swift in Sources */,
				182E353C21EF105F00DA4FEE /* Nimble+NavigationItem.swift in Sources */,
				182E353D21EF105F00DA4FEE /* NimbleUI+UILabel.swift in Sources */,
			);
			runOnlyForDeploymentPostprocessing = 0;
		};
/* End PBXSourcesBuildPhase section */

/* Begin PBXVariantGroup section */
		18F42AED215A0F580060D97A /* Main.storyboard */ = {
			isa = PBXVariantGroup;
			children = (
				18F42AEE215A0F580060D97A /* Base */,
			);
			name = Main.storyboard;
			sourceTree = "<group>";
		};
		18F42AF5215A0F590060D97A /* LaunchScreen.storyboard */ = {
			isa = PBXVariantGroup;
			children = (
				18F42AF6215A0F590060D97A /* Base */,
			);
			name = LaunchScreen.storyboard;
			sourceTree = "<group>";
		};
/* End PBXVariantGroup section */

/* Begin XCBuildConfiguration section */
		18F42AF9215A0F590060D97A /* Debug */ = {
			isa = XCBuildConfiguration;
			buildSettings = {
				ALWAYS_SEARCH_USER_PATHS = NO;
				CLANG_ANALYZER_NONNULL = YES;
				CLANG_ANALYZER_NUMBER_OBJECT_CONVERSION = YES_AGGRESSIVE;
				CLANG_CXX_LANGUAGE_STANDARD = "gnu++14";
				CLANG_CXX_LIBRARY = "libc++";
				CLANG_ENABLE_MODULES = YES;
				CLANG_ENABLE_OBJC_ARC = YES;
				CLANG_ENABLE_OBJC_WEAK = YES;
				CLANG_WARN_BLOCK_CAPTURE_AUTORELEASING = YES;
				CLANG_WARN_BOOL_CONVERSION = YES;
				CLANG_WARN_COMMA = YES;
				CLANG_WARN_CONSTANT_CONVERSION = YES;
				CLANG_WARN_DEPRECATED_OBJC_IMPLEMENTATIONS = YES;
				CLANG_WARN_DIRECT_OBJC_ISA_USAGE = YES_ERROR;
				CLANG_WARN_DOCUMENTATION_COMMENTS = YES;
				CLANG_WARN_EMPTY_BODY = YES;
				CLANG_WARN_ENUM_CONVERSION = YES;
				CLANG_WARN_INFINITE_RECURSION = YES;
				CLANG_WARN_INT_CONVERSION = YES;
				CLANG_WARN_NON_LITERAL_NULL_CONVERSION = YES;
				CLANG_WARN_OBJC_IMPLICIT_RETAIN_SELF = YES;
				CLANG_WARN_OBJC_LITERAL_CONVERSION = YES;
				CLANG_WARN_OBJC_ROOT_CLASS = YES_ERROR;
				CLANG_WARN_RANGE_LOOP_ANALYSIS = YES;
				CLANG_WARN_STRICT_PROTOTYPES = YES;
				CLANG_WARN_SUSPICIOUS_MOVE = YES;
				CLANG_WARN_UNGUARDED_AVAILABILITY = YES_AGGRESSIVE;
				CLANG_WARN_UNREACHABLE_CODE = YES;
				CLANG_WARN__DUPLICATE_METHOD_MATCH = YES;
				CODE_SIGN_IDENTITY = "iPhone Developer";
				COPY_PHASE_STRIP = NO;
				DEBUG_INFORMATION_FORMAT = dwarf;
				ENABLE_STRICT_OBJC_MSGSEND = YES;
				ENABLE_TESTABILITY = YES;
				GCC_C_LANGUAGE_STANDARD = gnu11;
				GCC_DYNAMIC_NO_PIC = NO;
				GCC_NO_COMMON_BLOCKS = YES;
				GCC_OPTIMIZATION_LEVEL = 0;
				GCC_PREPROCESSOR_DEFINITIONS = (
					"DEBUG=1",
					"$(inherited)",
				);
				GCC_WARN_64_TO_32_BIT_CONVERSION = YES;
				GCC_WARN_ABOUT_RETURN_TYPE = YES_ERROR;
				GCC_WARN_UNDECLARED_SELECTOR = YES;
				GCC_WARN_UNINITIALIZED_AUTOS = YES_AGGRESSIVE;
				GCC_WARN_UNUSED_FUNCTION = YES;
				GCC_WARN_UNUSED_VARIABLE = YES;
				IPHONEOS_DEPLOYMENT_TARGET = 12.0;
				MTL_ENABLE_DEBUG_INFO = INCLUDE_SOURCE;
				MTL_FAST_MATH = YES;
				ONLY_ACTIVE_ARCH = YES;
				SDKROOT = iphoneos;
				SWIFT_ACTIVE_COMPILATION_CONDITIONS = DEBUG;
				SWIFT_OPTIMIZATION_LEVEL = "-Onone";
			};
			name = Debug;
		};
		18F42AFA215A0F590060D97A /* Release */ = {
			isa = XCBuildConfiguration;
			buildSettings = {
				ALWAYS_SEARCH_USER_PATHS = NO;
				CLANG_ANALYZER_NONNULL = YES;
				CLANG_ANALYZER_NUMBER_OBJECT_CONVERSION = YES_AGGRESSIVE;
				CLANG_CXX_LANGUAGE_STANDARD = "gnu++14";
				CLANG_CXX_LIBRARY = "libc++";
				CLANG_ENABLE_MODULES = YES;
				CLANG_ENABLE_OBJC_ARC = YES;
				CLANG_ENABLE_OBJC_WEAK = YES;
				CLANG_WARN_BLOCK_CAPTURE_AUTORELEASING = YES;
				CLANG_WARN_BOOL_CONVERSION = YES;
				CLANG_WARN_COMMA = YES;
				CLANG_WARN_CONSTANT_CONVERSION = YES;
				CLANG_WARN_DEPRECATED_OBJC_IMPLEMENTATIONS = YES;
				CLANG_WARN_DIRECT_OBJC_ISA_USAGE = YES_ERROR;
				CLANG_WARN_DOCUMENTATION_COMMENTS = YES;
				CLANG_WARN_EMPTY_BODY = YES;
				CLANG_WARN_ENUM_CONVERSION = YES;
				CLANG_WARN_INFINITE_RECURSION = YES;
				CLANG_WARN_INT_CONVERSION = YES;
				CLANG_WARN_NON_LITERAL_NULL_CONVERSION = YES;
				CLANG_WARN_OBJC_IMPLICIT_RETAIN_SELF = YES;
				CLANG_WARN_OBJC_LITERAL_CONVERSION = YES;
				CLANG_WARN_OBJC_ROOT_CLASS = YES_ERROR;
				CLANG_WARN_RANGE_LOOP_ANALYSIS = YES;
				CLANG_WARN_STRICT_PROTOTYPES = YES;
				CLANG_WARN_SUSPICIOUS_MOVE = YES;
				CLANG_WARN_UNGUARDED_AVAILABILITY = YES_AGGRESSIVE;
				CLANG_WARN_UNREACHABLE_CODE = YES;
				CLANG_WARN__DUPLICATE_METHOD_MATCH = YES;
				CODE_SIGN_IDENTITY = "iPhone Developer";
				COPY_PHASE_STRIP = NO;
				DEBUG_INFORMATION_FORMAT = "dwarf-with-dsym";
				ENABLE_NS_ASSERTIONS = NO;
				ENABLE_STRICT_OBJC_MSGSEND = YES;
				GCC_C_LANGUAGE_STANDARD = gnu11;
				GCC_NO_COMMON_BLOCKS = YES;
				GCC_WARN_64_TO_32_BIT_CONVERSION = YES;
				GCC_WARN_ABOUT_RETURN_TYPE = YES_ERROR;
				GCC_WARN_UNDECLARED_SELECTOR = YES;
				GCC_WARN_UNINITIALIZED_AUTOS = YES_AGGRESSIVE;
				GCC_WARN_UNUSED_FUNCTION = YES;
				GCC_WARN_UNUSED_VARIABLE = YES;
				IPHONEOS_DEPLOYMENT_TARGET = 12.0;
				MTL_ENABLE_DEBUG_INFO = NO;
				MTL_FAST_MATH = YES;
				SDKROOT = iphoneos;
				SWIFT_COMPILATION_MODE = wholemodule;
				SWIFT_OPTIMIZATION_LEVEL = "-O";
				VALIDATE_PRODUCT = YES;
			};
			name = Release;
		};
		18F42AFC215A0F590060D97A /* Debug */ = {
			isa = XCBuildConfiguration;
			baseConfigurationReference = 1489663732C7A81662DE94B1 /* Pods-NimbleDemo.debug.xcconfig */;
			buildSettings = {
				ASSETCATALOG_COMPILER_APPICON_NAME = AppIcon;
				CODE_SIGN_STYLE = Automatic;
				INFOPLIST_FILE = NimbleDemo/Info.plist;
				LD_RUNPATH_SEARCH_PATHS = (
					"$(inherited)",
					"@executable_path/Frameworks",
				);
				PRODUCT_BUNDLE_IDENTIFIER = MIx.NimbleDemo;
				PRODUCT_NAME = "$(TARGET_NAME)";
				SWIFT_VERSION = 4.2;
				TARGETED_DEVICE_FAMILY = "1,2";
			};
			name = Debug;
		};
		18F42AFD215A0F590060D97A /* Release */ = {
			isa = XCBuildConfiguration;
			baseConfigurationReference = 7BA26967BB2D50765C091D37 /* Pods-NimbleDemo.release.xcconfig */;
			buildSettings = {
				ASSETCATALOG_COMPILER_APPICON_NAME = AppIcon;
				CODE_SIGN_STYLE = Automatic;
				INFOPLIST_FILE = NimbleDemo/Info.plist;
				LD_RUNPATH_SEARCH_PATHS = (
					"$(inherited)",
					"@executable_path/Frameworks",
				);
				PRODUCT_BUNDLE_IDENTIFIER = MIx.NimbleDemo;
				PRODUCT_NAME = "$(TARGET_NAME)";
				SWIFT_VERSION = 4.2;
				TARGETED_DEVICE_FAMILY = "1,2";
			};
			name = Release;
		};
/* End XCBuildConfiguration section */

/* Begin XCConfigurationList section */
		18F42AE1215A0F580060D97A /* Build configuration list for PBXProject "NimbleDemo" */ = {
			isa = XCConfigurationList;
			buildConfigurations = (
				18F42AF9215A0F590060D97A /* Debug */,
				18F42AFA215A0F590060D97A /* Release */,
			);
			defaultConfigurationIsVisible = 0;
			defaultConfigurationName = Release;
		};
		18F42AFB215A0F590060D97A /* Build configuration list for PBXNativeTarget "NimbleDemo" */ = {
			isa = XCConfigurationList;
			buildConfigurations = (
				18F42AFC215A0F590060D97A /* Debug */,
				18F42AFD215A0F590060D97A /* Release */,
			);
			defaultConfigurationIsVisible = 0;
			defaultConfigurationName = Release;
		};
/* End XCConfigurationList section */
	};
	rootObject = 18F42ADE215A0F580060D97A /* Project object */;
}
